{
  "object": {
    "pins": [
      {
        "package": "MQ",
        "repositoryURL": "https://github.com/miquido/MQ-iOS.git",
        "state": {
          "branch": null,
          "revision": "590726bf17859cb6ed18e90909f540cd4b2daa2d",
          "version": "0.4.0"
        }
      }
    ]
  },
  "version": 1
}
