{
  "object": {
    "pins": [
      {
        "package": "MQ",
        "repositoryURL": "https://github.com/miquido/MQ-iOS.git",
        "state": {
          "branch": null,
          "revision": "39548729b07fd67cace3b37ddb3ac28842989efa",
          "version": "0.3.0"
        }
      }
    ]
  },
  "version": 1
}
